<Solution>
  <Folder Name="/src/">
    <Project Path="src/Application/Blank.Application.csproj" />
    <Project Path="src/Domain/Blank.Domain.csproj" />
    <Project Path="src/Infrastructure/Blank.Infrastructure.csproj" />
    <Project Path="src/Persistence/Blank.Persistence.csproj" />
    <Project Path="src/Presentation/Blank.Presentation.csproj" />
    <Project Path="src/Shared/Blank.Shared.csproj" />
    <Project Path="src/WebAPI/Blank.WebAPI.csproj" />
  </Folder>
  <Folder Name="/tests/">
    <Project Path="tests/Application.Tests/Blank.Application.Tests.csproj" />
    <Project Path="tests/Domain.Tests/Blank.Domain.Tests.csproj" />
    <Project Path="tests/Infrastructure.Tests/Blank.Infrastructure.Tests.csproj" />
    <Project Path="tests/Persistence.Tests/Blank.Persistence.Tests.csproj" />
    <Project Path="tests/Presentation.Tests/Blank.Presentation.Tests.csproj" />
    <Project Path="tests/Shared.Tests/Blank.Shared.Tests.csproj" />
    <Project Path="tests/WebAPI.Tests/Blank.WebAPI.Tests.csproj" />
  </Folder>
</Solution>
